
Microsoft Visual Studio Solution File, Format Version 12.00
# Visual Studio 14
VisualStudioVersion = 14.0.25420.1
MinimumVisualStudioVersion = 10.0.40219.1
Project("{2150E333-8FDC-42A3-9474-1A3956D46DE8}") = "deployment", "deployment", "{FF2B9C04-3B40-4182-AF7E-9012016F80F2}"
EndProject
Project("{151D2E53-A2C4-4D7D-83FE-D05416EBD58E}") = "AzureARM", "deployment\AzureARM\AzureARM.deployproj", "{5A3F84A4-D820-41CA-A4C7-469EF6AC6549}"
EndProject
Project("{00D1A9C2-B5F0-4AF3-8072-F6C62B433612}") = "MyExpenses.Database", "MyExpenses.Database\MyExpenses.Database.sqlproj", "{75EAE42E-42A5-4B4A-A02F-857CDF8618BF}"
EndProject
Project("{9092AA53-FB77-4645-B42D-1CCCA6BD08BD}") = "MyExpenses.Web", "MyExpenses.Web\MyExpenses.Web.njsproj", "{E973EDB5-5CAD-4551-BED4-429CEE17C9CC}"
EndProject
Project("{FAE04EC0-301F-11D3-BF4B-00C04F79EFBC}") = "MyExpensesDataGenerator", "MyExpensesDataGenerator\MyExpensesDataGenerator.csproj", "{BDEB9BF1-6FE8-4994-819C-D609C0DB58CF}"
EndProject
Project("{F14B399A-7131-4C87-9E4B-1186C45EF12D}") = "MyExpenses.Report", "MyExpenses.Report\MyExpenses.Report.rptproj", "{40694E19-BD18-48A3-AE91-834A0E727DA2}"
EndProject
Project("{FAE04EC0-301F-11D3-BF4B-00C04F79EFBC}") = "MyExpenses.PowerBIReports", "MyExpenses.PowerBIReports\MyExpenses.PowerBIReports.csproj", "{23E1CC55-A28D-434E-8537-97C8B1FE4C7E}"
EndProject
Project("{00D1A9C2-B5F0-4AF3-8072-F6C62B433612}") = "MyExpenses.DWH", "MyExpenses.DWH\MyExpenses.DWH.sqlproj", "{2C5033F2-BAB5-48F1-8ABF-03E86AA61260}"
EndProject
Project("{2150E333-8FDC-42A3-9474-1A3956D46DE8}") = "utils", "utils", "{55C5762A-4607-457C-A7A1-196CE47C7FBA}"
EndProject
Project("{FAE04EC0-301F-11D3-BF4B-00C04F79EFBC}") = "MyExpenses.AlwaysEncryptedTest", "MyExpenses.AlwaysEncryptedTest\MyExpenses.AlwaysEncryptedTest.csproj", "{3E0334CD-931A-49E0-902C-D4F250888EB2}"
EndProject
Project("{9092AA53-FB77-4645-B42D-1CCCA6BD08BD}") = "MyExpenses.Web.End", "MyExpenses.Web.End\MyExpenses.Web.End.njsproj", "{38F76E13-B2E7-466A-910B-40DD1B561C41}"
EndProject
Project("{00D1A9C2-B5F0-4AF3-8072-F6C62B433612}") = "MyExpenses.Database.End", "MyExpenses.Database.End\MyExpenses.Database.End.sqlproj", "{AF2B8586-48F7-4458-AFD0-D5D6E479F9F8}"
EndProject
Project("{00D1A9C2-B5F0-4AF3-8072-F6C62B433612}") = "MyExpenses.DWH.End", "MyExpenses.DWH.End\MyExpenses.DWH.End.sqlproj", "{C10233F9-9D74-4AB3-AF20-9671FB4C4864}"
EndProject
Project("{2150E333-8FDC-42A3-9474-1A3956D46DE8}") = "begin", "begin", "{57EC6A26-3C0A-4D18-9FCF-A58B6B09B063}"
EndProject
Project("{2150E333-8FDC-42A3-9474-1A3956D46DE8}") = "end", "end", "{75826C03-E0F3-4FF9-A371-BF51CD95983F}"
EndProject
Project("{2150E333-8FDC-42A3-9474-1A3956D46DE8}") = "experience1", "experience1", "{32D3AFEE-E7C8-444A-B4C1-56091F25DCAE}"
EndProject
Project("{2150E333-8FDC-42A3-9474-1A3956D46DE8}") = "experience2", "experience2", "{EB5FF3BC-B9A8-4232-A382-58B58DAAF7B8}"
EndProject
Project("{2150E333-8FDC-42A3-9474-1A3956D46DE8}") = "begin", "begin", "{02840A9F-1122-4932-AA43-555DE9EA5F93}"
EndProject
Project("{2150E333-8FDC-42A3-9474-1A3956D46DE8}") = "end", "end", "{429B30A3-FB56-47C2-BA03-4061CF682650}"
EndProject
Project("{00D1A9C2-B5F0-4AF3-8072-F6C62B433612}") = "MyExpenses.AzureSQLDatabase.End", "MyExpenses.AzureSQLDatabase.End\MyExpenses.AzureSQLDatabase.End.sqlproj", "{FAAE9483-DDC3-4CD4-A3E6-9BF39CA779D6}"
EndProject
Project("{00D1A9C2-B5F0-4AF3-8072-F6C62B433612}") = "MyExpenses.AzureSQLDWH.End", "MyExpenses.AzureSQLDWH.End\MyExpenses.AzureSQLDWH.End.sqlproj", "{CC81076E-036E-4572-8D25-95137274443F}"
EndProject
Project("{9092AA53-FB77-4645-B42D-1CCCA6BD08BD}") = "MyExpenses.Web.Experience2.End", "MyExpenses.Web.Experience2.End\MyExpenses.Web.Experience2.End.njsproj", "{15734D9F-D7DF-4BC7-991E-7F8A3A095A27}"
EndProject
Project("{2150E333-8FDC-42A3-9474-1A3956D46DE8}") = "planB", "planB", "{105A8298-4BFF-473B-90A6-A8B0D755F2A2}"
EndProject
Project("{151D2E53-A2C4-4D7D-83FE-D05416EBD58E}") = "ARMExperience1", "planb\ARMExperience1\ARMExperience1.deployproj", "{42D84431-9776-484E-BC04-25174FD42027}"
EndProject
Project("{151D2E53-A2C4-4D7D-83FE-D05416EBD58E}") = "ARMExperience2", "planb\ARMExperience2\ARMExperience2.deployproj", "{56100538-2F6C-4B19-A13E-AF531FF29C81}"
EndProject
Global
	GlobalSection(SolutionConfigurationPlatforms) = preSolution
		Debug|Any CPU = Debug|Any CPU
		Debug|x64 = Debug|x64
		DebugLocal|Any CPU = DebugLocal|Any CPU
		DebugLocal|x64 = DebugLocal|x64
		Release|Any CPU = Release|Any CPU
		Release|x64 = Release|x64
	EndGlobalSection
	GlobalSection(ProjectConfigurationPlatforms) = postSolution
		{5A3F84A4-D820-41CA-A4C7-469EF6AC6549}.Debug|Any CPU.ActiveCfg = Debug|Any CPU
		{5A3F84A4-D820-41CA-A4C7-469EF6AC6549}.Debug|Any CPU.Build.0 = Debug|Any CPU
		{5A3F84A4-D820-41CA-A4C7-469EF6AC6549}.Debug|x64.ActiveCfg = Debug|Any CPU
		{5A3F84A4-D820-41CA-A4C7-469EF6AC6549}.Debug|x64.Build.0 = Debug|Any CPU
		{5A3F84A4-D820-41CA-A4C7-469EF6AC6549}.DebugLocal|Any CPU.ActiveCfg = Debug|Any CPU
		{5A3F84A4-D820-41CA-A4C7-469EF6AC6549}.DebugLocal|Any CPU.Build.0 = Debug|Any CPU
		{5A3F84A4-D820-41CA-A4C7-469EF6AC6549}.DebugLocal|x64.ActiveCfg = Debug|Any CPU
		{5A3F84A4-D820-41CA-A4C7-469EF6AC6549}.DebugLocal|x64.Build.0 = Debug|Any CPU
		{5A3F84A4-D820-41CA-A4C7-469EF6AC6549}.Release|Any CPU.ActiveCfg = Release|Any CPU
		{5A3F84A4-D820-41CA-A4C7-469EF6AC6549}.Release|Any CPU.Build.0 = Release|Any CPU
		{5A3F84A4-D820-41CA-A4C7-469EF6AC6549}.Release|x64.ActiveCfg = Release|Any CPU
		{5A3F84A4-D820-41CA-A4C7-469EF6AC6549}.Release|x64.Build.0 = Release|Any CPU
		{75EAE42E-42A5-4B4A-A02F-857CDF8618BF}.Debug|Any CPU.ActiveCfg = Debug|Any CPU
		{75EAE42E-42A5-4B4A-A02F-857CDF8618BF}.Debug|Any CPU.Build.0 = Debug|Any CPU
		{75EAE42E-42A5-4B4A-A02F-857CDF8618BF}.Debug|Any CPU.Deploy.0 = Debug|Any CPU
		{75EAE42E-42A5-4B4A-A02F-857CDF8618BF}.Debug|x64.ActiveCfg = Debug|Any CPU
		{75EAE42E-42A5-4B4A-A02F-857CDF8618BF}.Debug|x64.Build.0 = Debug|Any CPU
		{75EAE42E-42A5-4B4A-A02F-857CDF8618BF}.Debug|x64.Deploy.0 = Debug|Any CPU
		{75EAE42E-42A5-4B4A-A02F-857CDF8618BF}.DebugLocal|Any CPU.ActiveCfg = Debug|Any CPU
		{75EAE42E-42A5-4B4A-A02F-857CDF8618BF}.DebugLocal|Any CPU.Build.0 = Debug|Any CPU
		{75EAE42E-42A5-4B4A-A02F-857CDF8618BF}.DebugLocal|Any CPU.Deploy.0 = Debug|Any CPU
		{75EAE42E-42A5-4B4A-A02F-857CDF8618BF}.DebugLocal|x64.ActiveCfg = Debug|Any CPU
		{75EAE42E-42A5-4B4A-A02F-857CDF8618BF}.DebugLocal|x64.Build.0 = Debug|Any CPU
		{75EAE42E-42A5-4B4A-A02F-857CDF8618BF}.DebugLocal|x64.Deploy.0 = Debug|Any CPU
		{75EAE42E-42A5-4B4A-A02F-857CDF8618BF}.Release|Any CPU.ActiveCfg = Release|Any CPU
		{75EAE42E-42A5-4B4A-A02F-857CDF8618BF}.Release|Any CPU.Build.0 = Release|Any CPU
		{75EAE42E-42A5-4B4A-A02F-857CDF8618BF}.Release|Any CPU.Deploy.0 = Release|Any CPU
		{75EAE42E-42A5-4B4A-A02F-857CDF8618BF}.Release|x64.ActiveCfg = Release|Any CPU
		{75EAE42E-42A5-4B4A-A02F-857CDF8618BF}.Release|x64.Build.0 = Release|Any CPU
		{75EAE42E-42A5-4B4A-A02F-857CDF8618BF}.Release|x64.Deploy.0 = Release|Any CPU
		{E973EDB5-5CAD-4551-BED4-429CEE17C9CC}.Debug|Any CPU.ActiveCfg = Debug|Any CPU
		{E973EDB5-5CAD-4551-BED4-429CEE17C9CC}.Debug|Any CPU.Build.0 = Debug|Any CPU
		{E973EDB5-5CAD-4551-BED4-429CEE17C9CC}.Debug|x64.ActiveCfg = Debug|Any CPU
		{E973EDB5-5CAD-4551-BED4-429CEE17C9CC}.Debug|x64.Build.0 = Debug|Any CPU
		{E973EDB5-5CAD-4551-BED4-429CEE17C9CC}.DebugLocal|Any CPU.ActiveCfg = Debug|Any CPU
		{E973EDB5-5CAD-4551-BED4-429CEE17C9CC}.DebugLocal|Any CPU.Build.0 = Debug|Any CPU
		{E973EDB5-5CAD-4551-BED4-429CEE17C9CC}.DebugLocal|x64.ActiveCfg = Debug|Any CPU
		{E973EDB5-5CAD-4551-BED4-429CEE17C9CC}.DebugLocal|x64.Build.0 = Debug|Any CPU
		{E973EDB5-5CAD-4551-BED4-429CEE17C9CC}.Release|Any CPU.ActiveCfg = Release|Any CPU
		{E973EDB5-5CAD-4551-BED4-429CEE17C9CC}.Release|Any CPU.Build.0 = Release|Any CPU
		{E973EDB5-5CAD-4551-BED4-429CEE17C9CC}.Release|x64.ActiveCfg = Release|Any CPU
		{E973EDB5-5CAD-4551-BED4-429CEE17C9CC}.Release|x64.Build.0 = Release|Any CPU
		{BDEB9BF1-6FE8-4994-819C-D609C0DB58CF}.Debug|Any CPU.ActiveCfg = Debug|Any CPU
		{BDEB9BF1-6FE8-4994-819C-D609C0DB58CF}.Debug|Any CPU.Build.0 = Debug|Any CPU
		{BDEB9BF1-6FE8-4994-819C-D609C0DB58CF}.Debug|x64.ActiveCfg = Debug|x64
		{BDEB9BF1-6FE8-4994-819C-D609C0DB58CF}.Debug|x64.Build.0 = Debug|x64
		{BDEB9BF1-6FE8-4994-819C-D609C0DB58CF}.DebugLocal|Any CPU.ActiveCfg = Debug|Any CPU
		{BDEB9BF1-6FE8-4994-819C-D609C0DB58CF}.DebugLocal|Any CPU.Build.0 = Debug|Any CPU
		{BDEB9BF1-6FE8-4994-819C-D609C0DB58CF}.DebugLocal|x64.ActiveCfg = Debug|x64
		{BDEB9BF1-6FE8-4994-819C-D609C0DB58CF}.DebugLocal|x64.Build.0 = Debug|x64
		{BDEB9BF1-6FE8-4994-819C-D609C0DB58CF}.Release|Any CPU.ActiveCfg = Release|Any CPU
		{BDEB9BF1-6FE8-4994-819C-D609C0DB58CF}.Release|Any CPU.Build.0 = Release|Any CPU
		{BDEB9BF1-6FE8-4994-819C-D609C0DB58CF}.Release|x64.ActiveCfg = Release|x64
		{BDEB9BF1-6FE8-4994-819C-D609C0DB58CF}.Release|x64.Build.0 = Release|x64
		{40694E19-BD18-48A3-AE91-834A0E727DA2}.Debug|Any CPU.ActiveCfg = Debug
		{40694E19-BD18-48A3-AE91-834A0E727DA2}.Debug|Any CPU.Build.0 = Debug
		{40694E19-BD18-48A3-AE91-834A0E727DA2}.Debug|Any CPU.Deploy.0 = Debug
		{40694E19-BD18-48A3-AE91-834A0E727DA2}.Debug|x64.ActiveCfg = Debug
		{40694E19-BD18-48A3-AE91-834A0E727DA2}.Debug|x64.Build.0 = Debug
		{40694E19-BD18-48A3-AE91-834A0E727DA2}.Debug|x64.Deploy.0 = Debug
		{40694E19-BD18-48A3-AE91-834A0E727DA2}.DebugLocal|Any CPU.ActiveCfg = DebugLocal
		{40694E19-BD18-48A3-AE91-834A0E727DA2}.DebugLocal|Any CPU.Build.0 = DebugLocal
		{40694E19-BD18-48A3-AE91-834A0E727DA2}.DebugLocal|Any CPU.Deploy.0 = DebugLocal
		{40694E19-BD18-48A3-AE91-834A0E727DA2}.DebugLocal|x64.ActiveCfg = DebugLocal
		{40694E19-BD18-48A3-AE91-834A0E727DA2}.DebugLocal|x64.Build.0 = DebugLocal
		{40694E19-BD18-48A3-AE91-834A0E727DA2}.DebugLocal|x64.Deploy.0 = DebugLocal
		{40694E19-BD18-48A3-AE91-834A0E727DA2}.Release|Any CPU.ActiveCfg = Release
		{40694E19-BD18-48A3-AE91-834A0E727DA2}.Release|Any CPU.Build.0 = Release
		{40694E19-BD18-48A3-AE91-834A0E727DA2}.Release|Any CPU.Deploy.0 = Release
		{40694E19-BD18-48A3-AE91-834A0E727DA2}.Release|x64.ActiveCfg = Release
		{40694E19-BD18-48A3-AE91-834A0E727DA2}.Release|x64.Build.0 = Release
		{40694E19-BD18-48A3-AE91-834A0E727DA2}.Release|x64.Deploy.0 = Release
		{23E1CC55-A28D-434E-8537-97C8B1FE4C7E}.Debug|Any CPU.ActiveCfg = Debug|Any CPU
		{23E1CC55-A28D-434E-8537-97C8B1FE4C7E}.Debug|Any CPU.Build.0 = Debug|Any CPU
		{23E1CC55-A28D-434E-8537-97C8B1FE4C7E}.Debug|x64.ActiveCfg = Debug|Any CPU
		{23E1CC55-A28D-434E-8537-97C8B1FE4C7E}.Debug|x64.Build.0 = Debug|Any CPU
		{23E1CC55-A28D-434E-8537-97C8B1FE4C7E}.DebugLocal|Any CPU.ActiveCfg = Debug|Any CPU
		{23E1CC55-A28D-434E-8537-97C8B1FE4C7E}.DebugLocal|Any CPU.Build.0 = Debug|Any CPU
		{23E1CC55-A28D-434E-8537-97C8B1FE4C7E}.DebugLocal|x64.ActiveCfg = Debug|Any CPU
		{23E1CC55-A28D-434E-8537-97C8B1FE4C7E}.DebugLocal|x64.Build.0 = Debug|Any CPU
		{23E1CC55-A28D-434E-8537-97C8B1FE4C7E}.Release|Any CPU.ActiveCfg = Release|Any CPU
		{23E1CC55-A28D-434E-8537-97C8B1FE4C7E}.Release|Any CPU.Build.0 = Release|Any CPU
		{23E1CC55-A28D-434E-8537-97C8B1FE4C7E}.Release|x64.ActiveCfg = Release|Any CPU
		{23E1CC55-A28D-434E-8537-97C8B1FE4C7E}.Release|x64.Build.0 = Release|Any CPU
		{2C5033F2-BAB5-48F1-8ABF-03E86AA61260}.Debug|Any CPU.ActiveCfg = Debug|Any CPU
		{2C5033F2-BAB5-48F1-8ABF-03E86AA61260}.Debug|Any CPU.Build.0 = Debug|Any CPU
		{2C5033F2-BAB5-48F1-8ABF-03E86AA61260}.Debug|Any CPU.Deploy.0 = Debug|Any CPU
		{2C5033F2-BAB5-48F1-8ABF-03E86AA61260}.Debug|x64.ActiveCfg = Debug|Any CPU
		{2C5033F2-BAB5-48F1-8ABF-03E86AA61260}.Debug|x64.Build.0 = Debug|Any CPU
		{2C5033F2-BAB5-48F1-8ABF-03E86AA61260}.Debug|x64.Deploy.0 = Debug|Any CPU
		{2C5033F2-BAB5-48F1-8ABF-03E86AA61260}.DebugLocal|Any CPU.ActiveCfg = Debug|Any CPU
		{2C5033F2-BAB5-48F1-8ABF-03E86AA61260}.DebugLocal|Any CPU.Build.0 = Debug|Any CPU
		{2C5033F2-BAB5-48F1-8ABF-03E86AA61260}.DebugLocal|Any CPU.Deploy.0 = Debug|Any CPU
		{2C5033F2-BAB5-48F1-8ABF-03E86AA61260}.DebugLocal|x64.ActiveCfg = Debug|Any CPU
		{2C5033F2-BAB5-48F1-8ABF-03E86AA61260}.DebugLocal|x64.Build.0 = Debug|Any CPU
		{2C5033F2-BAB5-48F1-8ABF-03E86AA61260}.DebugLocal|x64.Deploy.0 = Debug|Any CPU
		{2C5033F2-BAB5-48F1-8ABF-03E86AA61260}.Release|Any CPU.ActiveCfg = Release|Any CPU
		{2C5033F2-BAB5-48F1-8ABF-03E86AA61260}.Release|Any CPU.Build.0 = Release|Any CPU
		{2C5033F2-BAB5-48F1-8ABF-03E86AA61260}.Release|Any CPU.Deploy.0 = Release|Any CPU
		{2C5033F2-BAB5-48F1-8ABF-03E86AA61260}.Release|x64.ActiveCfg = Release|Any CPU
		{2C5033F2-BAB5-48F1-8ABF-03E86AA61260}.Release|x64.Build.0 = Release|Any CPU
		{2C5033F2-BAB5-48F1-8ABF-03E86AA61260}.Release|x64.Deploy.0 = Release|Any CPU
		{3E0334CD-931A-49E0-902C-D4F250888EB2}.Debug|Any CPU.ActiveCfg = Debug|Any CPU
		{3E0334CD-931A-49E0-902C-D4F250888EB2}.Debug|Any CPU.Build.0 = Debug|Any CPU
		{3E0334CD-931A-49E0-902C-D4F250888EB2}.Debug|x64.ActiveCfg = Debug|Any CPU
		{3E0334CD-931A-49E0-902C-D4F250888EB2}.Debug|x64.Build.0 = Debug|Any CPU
		{3E0334CD-931A-49E0-902C-D4F250888EB2}.DebugLocal|Any CPU.ActiveCfg = Debug|Any CPU
		{3E0334CD-931A-49E0-902C-D4F250888EB2}.DebugLocal|Any CPU.Build.0 = Debug|Any CPU
		{3E0334CD-931A-49E0-902C-D4F250888EB2}.DebugLocal|x64.ActiveCfg = Debug|Any CPU
		{3E0334CD-931A-49E0-902C-D4F250888EB2}.DebugLocal|x64.Build.0 = Debug|Any CPU
		{3E0334CD-931A-49E0-902C-D4F250888EB2}.Release|Any CPU.ActiveCfg = Release|Any CPU
		{3E0334CD-931A-49E0-902C-D4F250888EB2}.Release|Any CPU.Build.0 = Release|Any CPU
		{3E0334CD-931A-49E0-902C-D4F250888EB2}.Release|x64.ActiveCfg = Release|Any CPU
		{3E0334CD-931A-49E0-902C-D4F250888EB2}.Release|x64.Build.0 = Release|Any CPU
		{38F76E13-B2E7-466A-910B-40DD1B561C41}.Debug|Any CPU.ActiveCfg = Debug|Any CPU
		{38F76E13-B2E7-466A-910B-40DD1B561C41}.Debug|Any CPU.Build.0 = Debug|Any CPU
		{38F76E13-B2E7-466A-910B-40DD1B561C41}.Debug|x64.ActiveCfg = Debug|Any CPU
		{38F76E13-B2E7-466A-910B-40DD1B561C41}.Debug|x64.Build.0 = Debug|Any CPU
		{38F76E13-B2E7-466A-910B-40DD1B561C41}.DebugLocal|Any CPU.ActiveCfg = Debug|Any CPU
		{38F76E13-B2E7-466A-910B-40DD1B561C41}.DebugLocal|Any CPU.Build.0 = Debug|Any CPU
		{38F76E13-B2E7-466A-910B-40DD1B561C41}.DebugLocal|x64.ActiveCfg = Debug|Any CPU
		{38F76E13-B2E7-466A-910B-40DD1B561C41}.DebugLocal|x64.Build.0 = Debug|Any CPU
		{38F76E13-B2E7-466A-910B-40DD1B561C41}.Release|Any CPU.ActiveCfg = Release|Any CPU
		{38F76E13-B2E7-466A-910B-40DD1B561C41}.Release|Any CPU.Build.0 = Release|Any CPU
		{38F76E13-B2E7-466A-910B-40DD1B561C41}.Release|x64.ActiveCfg = Release|Any CPU
		{38F76E13-B2E7-466A-910B-40DD1B561C41}.Release|x64.Build.0 = Release|Any CPU
		{AF2B8586-48F7-4458-AFD0-D5D6E479F9F8}.Debug|Any CPU.ActiveCfg = Debug|Any CPU
		{AF2B8586-48F7-4458-AFD0-D5D6E479F9F8}.Debug|Any CPU.Build.0 = Debug|Any CPU
		{AF2B8586-48F7-4458-AFD0-D5D6E479F9F8}.Debug|Any CPU.Deploy.0 = Debug|Any CPU
		{AF2B8586-48F7-4458-AFD0-D5D6E479F9F8}.Debug|x64.ActiveCfg = Debug|Any CPU
		{AF2B8586-48F7-4458-AFD0-D5D6E479F9F8}.Debug|x64.Build.0 = Debug|Any CPU
		{AF2B8586-48F7-4458-AFD0-D5D6E479F9F8}.Debug|x64.Deploy.0 = Debug|Any CPU
		{AF2B8586-48F7-4458-AFD0-D5D6E479F9F8}.DebugLocal|Any CPU.ActiveCfg = Debug|Any CPU
		{AF2B8586-48F7-4458-AFD0-D5D6E479F9F8}.DebugLocal|Any CPU.Build.0 = Debug|Any CPU
		{AF2B8586-48F7-4458-AFD0-D5D6E479F9F8}.DebugLocal|Any CPU.Deploy.0 = Debug|Any CPU
		{AF2B8586-48F7-4458-AFD0-D5D6E479F9F8}.DebugLocal|x64.ActiveCfg = Debug|Any CPU
		{AF2B8586-48F7-4458-AFD0-D5D6E479F9F8}.DebugLocal|x64.Build.0 = Debug|Any CPU
		{AF2B8586-48F7-4458-AFD0-D5D6E479F9F8}.DebugLocal|x64.Deploy.0 = Debug|Any CPU
		{AF2B8586-48F7-4458-AFD0-D5D6E479F9F8}.Release|Any CPU.ActiveCfg = Release|Any CPU
		{AF2B8586-48F7-4458-AFD0-D5D6E479F9F8}.Release|Any CPU.Build.0 = Release|Any CPU
		{AF2B8586-48F7-4458-AFD0-D5D6E479F9F8}.Release|Any CPU.Deploy.0 = Release|Any CPU
		{AF2B8586-48F7-4458-AFD0-D5D6E479F9F8}.Release|x64.ActiveCfg = Release|Any CPU
		{AF2B8586-48F7-4458-AFD0-D5D6E479F9F8}.Release|x64.Build.0 = Release|Any CPU
		{AF2B8586-48F7-4458-AFD0-D5D6E479F9F8}.Release|x64.Deploy.0 = Release|Any CPU
		{C10233F9-9D74-4AB3-AF20-9671FB4C4864}.Debug|Any CPU.ActiveCfg = Debug|Any CPU
		{C10233F9-9D74-4AB3-AF20-9671FB4C4864}.Debug|Any CPU.Build.0 = Debug|Any CPU
		{C10233F9-9D74-4AB3-AF20-9671FB4C4864}.Debug|Any CPU.Deploy.0 = Debug|Any CPU
		{C10233F9-9D74-4AB3-AF20-9671FB4C4864}.Debug|x64.ActiveCfg = Debug|Any CPU
		{C10233F9-9D74-4AB3-AF20-9671FB4C4864}.Debug|x64.Build.0 = Debug|Any CPU
		{C10233F9-9D74-4AB3-AF20-9671FB4C4864}.Debug|x64.Deploy.0 = Debug|Any CPU
		{C10233F9-9D74-4AB3-AF20-9671FB4C4864}.DebugLocal|Any CPU.ActiveCfg = Debug|Any CPU
		{C10233F9-9D74-4AB3-AF20-9671FB4C4864}.DebugLocal|Any CPU.Build.0 = Debug|Any CPU
		{C10233F9-9D74-4AB3-AF20-9671FB4C4864}.DebugLocal|Any CPU.Deploy.0 = Debug|Any CPU
		{C10233F9-9D74-4AB3-AF20-9671FB4C4864}.DebugLocal|x64.ActiveCfg = Debug|Any CPU
		{C10233F9-9D74-4AB3-AF20-9671FB4C4864}.DebugLocal|x64.Build.0 = Debug|Any CPU
		{C10233F9-9D74-4AB3-AF20-9671FB4C4864}.DebugLocal|x64.Deploy.0 = Debug|Any CPU
		{C10233F9-9D74-4AB3-AF20-9671FB4C4864}.Release|Any CPU.ActiveCfg = Release|Any CPU
		{C10233F9-9D74-4AB3-AF20-9671FB4C4864}.Release|Any CPU.Build.0 = Release|Any CPU
		{C10233F9-9D74-4AB3-AF20-9671FB4C4864}.Release|Any CPU.Deploy.0 = Release|Any CPU
		{C10233F9-9D74-4AB3-AF20-9671FB4C4864}.Release|x64.ActiveCfg = Release|Any CPU
		{C10233F9-9D74-4AB3-AF20-9671FB4C4864}.Release|x64.Build.0 = Release|Any CPU
		{C10233F9-9D74-4AB3-AF20-9671FB4C4864}.Release|x64.Deploy.0 = Release|Any CPU
		{FAAE9483-DDC3-4CD4-A3E6-9BF39CA779D6}.Debug|Any CPU.ActiveCfg = Debug|Any CPU
		{FAAE9483-DDC3-4CD4-A3E6-9BF39CA779D6}.Debug|Any CPU.Build.0 = Debug|Any CPU
		{FAAE9483-DDC3-4CD4-A3E6-9BF39CA779D6}.Debug|Any CPU.Deploy.0 = Debug|Any CPU
		{FAAE9483-DDC3-4CD4-A3E6-9BF39CA779D6}.Debug|x64.ActiveCfg = Debug|Any CPU
		{FAAE9483-DDC3-4CD4-A3E6-9BF39CA779D6}.Debug|x64.Build.0 = Debug|Any CPU
		{FAAE9483-DDC3-4CD4-A3E6-9BF39CA779D6}.Debug|x64.Deploy.0 = Debug|Any CPU
		{FAAE9483-DDC3-4CD4-A3E6-9BF39CA779D6}.DebugLocal|Any CPU.ActiveCfg = Debug|Any CPU
		{FAAE9483-DDC3-4CD4-A3E6-9BF39CA779D6}.DebugLocal|Any CPU.Build.0 = Debug|Any CPU
		{FAAE9483-DDC3-4CD4-A3E6-9BF39CA779D6}.DebugLocal|Any CPU.Deploy.0 = Debug|Any CPU
		{FAAE9483-DDC3-4CD4-A3E6-9BF39CA779D6}.DebugLocal|x64.ActiveCfg = Debug|Any CPU
		{FAAE9483-DDC3-4CD4-A3E6-9BF39CA779D6}.DebugLocal|x64.Build.0 = Debug|Any CPU
		{FAAE9483-DDC3-4CD4-A3E6-9BF39CA779D6}.DebugLocal|x64.Deploy.0 = Debug|Any CPU
		{FAAE9483-DDC3-4CD4-A3E6-9BF39CA779D6}.Release|Any CPU.ActiveCfg = Release|Any CPU
		{FAAE9483-DDC3-4CD4-A3E6-9BF39CA779D6}.Release|Any CPU.Build.0 = Release|Any CPU
		{FAAE9483-DDC3-4CD4-A3E6-9BF39CA779D6}.Release|Any CPU.Deploy.0 = Release|Any CPU
		{FAAE9483-DDC3-4CD4-A3E6-9BF39CA779D6}.Release|x64.ActiveCfg = Release|Any CPU
		{FAAE9483-DDC3-4CD4-A3E6-9BF39CA779D6}.Release|x64.Build.0 = Release|Any CPU
		{FAAE9483-DDC3-4CD4-A3E6-9BF39CA779D6}.Release|x64.Deploy.0 = Release|Any CPU
		{CC81076E-036E-4572-8D25-95137274443F}.Debug|Any CPU.ActiveCfg = Debug|Any CPU
		{CC81076E-036E-4572-8D25-95137274443F}.Debug|Any CPU.Build.0 = Debug|Any CPU
		{CC81076E-036E-4572-8D25-95137274443F}.Debug|Any CPU.Deploy.0 = Debug|Any CPU
		{CC81076E-036E-4572-8D25-95137274443F}.Debug|x64.ActiveCfg = Debug|Any CPU
		{CC81076E-036E-4572-8D25-95137274443F}.Debug|x64.Build.0 = Debug|Any CPU
		{CC81076E-036E-4572-8D25-95137274443F}.Debug|x64.Deploy.0 = Debug|Any CPU
		{CC81076E-036E-4572-8D25-95137274443F}.DebugLocal|Any CPU.ActiveCfg = Debug|Any CPU
		{CC81076E-036E-4572-8D25-95137274443F}.DebugLocal|Any CPU.Build.0 = Debug|Any CPU
		{CC81076E-036E-4572-8D25-95137274443F}.DebugLocal|Any CPU.Deploy.0 = Debug|Any CPU
		{CC81076E-036E-4572-8D25-95137274443F}.DebugLocal|x64.ActiveCfg = Debug|Any CPU
		{CC81076E-036E-4572-8D25-95137274443F}.DebugLocal|x64.Build.0 = Debug|Any CPU
		{CC81076E-036E-4572-8D25-95137274443F}.DebugLocal|x64.Deploy.0 = Debug|Any CPU
		{CC81076E-036E-4572-8D25-95137274443F}.Release|Any CPU.ActiveCfg = Release|Any CPU
		{CC81076E-036E-4572-8D25-95137274443F}.Release|Any CPU.Build.0 = Release|Any CPU
		{CC81076E-036E-4572-8D25-95137274443F}.Release|Any CPU.Deploy.0 = Release|Any CPU
		{CC81076E-036E-4572-8D25-95137274443F}.Release|x64.ActiveCfg = Release|Any CPU
		{CC81076E-036E-4572-8D25-95137274443F}.Release|x64.Build.0 = Release|Any CPU
		{CC81076E-036E-4572-8D25-95137274443F}.Release|x64.Deploy.0 = Release|Any CPU
		{15734D9F-D7DF-4BC7-991E-7F8A3A095A27}.Debug|Any CPU.ActiveCfg = Debug|Any CPU
		{15734D9F-D7DF-4BC7-991E-7F8A3A095A27}.Debug|Any CPU.Build.0 = Debug|Any CPU
		{15734D9F-D7DF-4BC7-991E-7F8A3A095A27}.Debug|x64.ActiveCfg = Debug|Any CPU
		{15734D9F-D7DF-4BC7-991E-7F8A3A095A27}.Debug|x64.Build.0 = Debug|Any CPU
		{15734D9F-D7DF-4BC7-991E-7F8A3A095A27}.DebugLocal|Any CPU.ActiveCfg = Debug|Any CPU
		{15734D9F-D7DF-4BC7-991E-7F8A3A095A27}.DebugLocal|Any CPU.Build.0 = Debug|Any CPU
		{15734D9F-D7DF-4BC7-991E-7F8A3A095A27}.DebugLocal|x64.ActiveCfg = Debug|Any CPU
		{15734D9F-D7DF-4BC7-991E-7F8A3A095A27}.DebugLocal|x64.Build.0 = Debug|Any CPU
		{15734D9F-D7DF-4BC7-991E-7F8A3A095A27}.Release|Any CPU.ActiveCfg = Release|Any CPU
		{15734D9F-D7DF-4BC7-991E-7F8A3A095A27}.Release|Any CPU.Build.0 = Release|Any CPU
		{15734D9F-D7DF-4BC7-991E-7F8A3A095A27}.Release|x64.ActiveCfg = Release|Any CPU
		{15734D9F-D7DF-4BC7-991E-7F8A3A095A27}.Release|x64.Build.0 = Release|Any CPU
		{42D84431-9776-484E-BC04-25174FD42027}.Debug|Any CPU.ActiveCfg = Debug|Any CPU
		{42D84431-9776-484E-BC04-25174FD42027}.Debug|Any CPU.Build.0 = Debug|Any CPU
		{42D84431-9776-484E-BC04-25174FD42027}.Debug|x64.ActiveCfg = Debug|Any CPU
		{42D84431-9776-484E-BC04-25174FD42027}.Debug|x64.Build.0 = Debug|Any CPU
		{42D84431-9776-484E-BC04-25174FD42027}.DebugLocal|Any CPU.ActiveCfg = Debug|Any CPU
		{42D84431-9776-484E-BC04-25174FD42027}.DebugLocal|Any CPU.Build.0 = Debug|Any CPU
		{42D84431-9776-484E-BC04-25174FD42027}.DebugLocal|x64.ActiveCfg = Debug|Any CPU
		{42D84431-9776-484E-BC04-25174FD42027}.DebugLocal|x64.Build.0 = Debug|Any CPU
		{42D84431-9776-484E-BC04-25174FD42027}.Release|Any CPU.ActiveCfg = Release|Any CPU
		{42D84431-9776-484E-BC04-25174FD42027}.Release|Any CPU.Build.0 = Release|Any CPU
		{42D84431-9776-484E-BC04-25174FD42027}.Release|x64.ActiveCfg = Release|Any CPU
		{42D84431-9776-484E-BC04-25174FD42027}.Release|x64.Build.0 = Release|Any CPU
		{56100538-2F6C-4B19-A13E-AF531FF29C81}.Debug|Any CPU.ActiveCfg = Debug|Any CPU
		{56100538-2F6C-4B19-A13E-AF531FF29C81}.Debug|Any CPU.Build.0 = Debug|Any CPU
		{56100538-2F6C-4B19-A13E-AF531FF29C81}.Debug|x64.ActiveCfg = Debug|Any CPU
		{56100538-2F6C-4B19-A13E-AF531FF29C81}.Debug|x64.Build.0 = Debug|Any CPU
		{56100538-2F6C-4B19-A13E-AF531FF29C81}.DebugLocal|Any CPU.ActiveCfg = Debug|Any CPU
		{56100538-2F6C-4B19-A13E-AF531FF29C81}.DebugLocal|Any CPU.Build.0 = Debug|Any CPU
		{56100538-2F6C-4B19-A13E-AF531FF29C81}.DebugLocal|x64.ActiveCfg = Debug|Any CPU
		{56100538-2F6C-4B19-A13E-AF531FF29C81}.DebugLocal|x64.Build.0 = Debug|Any CPU
		{56100538-2F6C-4B19-A13E-AF531FF29C81}.Release|Any CPU.ActiveCfg = Release|Any CPU
		{56100538-2F6C-4B19-A13E-AF531FF29C81}.Release|Any CPU.Build.0 = Release|Any CPU
		{56100538-2F6C-4B19-A13E-AF531FF29C81}.Release|x64.ActiveCfg = Release|Any CPU
		{56100538-2F6C-4B19-A13E-AF531FF29C81}.Release|x64.Build.0 = Release|Any CPU
	EndGlobalSection
	GlobalSection(SolutionProperties) = preSolution
		HideSolutionNode = FALSE
	EndGlobalSection
	GlobalSection(NestedProjects) = preSolution
		{5A3F84A4-D820-41CA-A4C7-469EF6AC6549} = {FF2B9C04-3B40-4182-AF7E-9012016F80F2}
		{75EAE42E-42A5-4B4A-A02F-857CDF8618BF} = {57EC6A26-3C0A-4D18-9FCF-A58B6B09B063}
		{E973EDB5-5CAD-4551-BED4-429CEE17C9CC} = {57EC6A26-3C0A-4D18-9FCF-A58B6B09B063}
		{BDEB9BF1-6FE8-4994-819C-D609C0DB58CF} = {75826C03-E0F3-4FF9-A371-BF51CD95983F}
		{40694E19-BD18-48A3-AE91-834A0E727DA2} = {75826C03-E0F3-4FF9-A371-BF51CD95983F}
		{23E1CC55-A28D-434E-8537-97C8B1FE4C7E} = {75826C03-E0F3-4FF9-A371-BF51CD95983F}
		{2C5033F2-BAB5-48F1-8ABF-03E86AA61260} = {57EC6A26-3C0A-4D18-9FCF-A58B6B09B063}
		{3E0334CD-931A-49E0-902C-D4F250888EB2} = {55C5762A-4607-457C-A7A1-196CE47C7FBA}
		{38F76E13-B2E7-466A-910B-40DD1B561C41} = {75826C03-E0F3-4FF9-A371-BF51CD95983F}
		{AF2B8586-48F7-4458-AFD0-D5D6E479F9F8} = {75826C03-E0F3-4FF9-A371-BF51CD95983F}
		{C10233F9-9D74-4AB3-AF20-9671FB4C4864} = {75826C03-E0F3-4FF9-A371-BF51CD95983F}
		{57EC6A26-3C0A-4D18-9FCF-A58B6B09B063} = {32D3AFEE-E7C8-444A-B4C1-56091F25DCAE}
		{75826C03-E0F3-4FF9-A371-BF51CD95983F} = {32D3AFEE-E7C8-444A-B4C1-56091F25DCAE}
		{02840A9F-1122-4932-AA43-555DE9EA5F93} = {EB5FF3BC-B9A8-4232-A382-58B58DAAF7B8}
		{429B30A3-FB56-47C2-BA03-4061CF682650} = {EB5FF3BC-B9A8-4232-A382-58B58DAAF7B8}
		{FAAE9483-DDC3-4CD4-A3E6-9BF39CA779D6} = {429B30A3-FB56-47C2-BA03-4061CF682650}
		{CC81076E-036E-4572-8D25-95137274443F} = {429B30A3-FB56-47C2-BA03-4061CF682650}
		{15734D9F-D7DF-4BC7-991E-7F8A3A095A27} = {429B30A3-FB56-47C2-BA03-4061CF682650}
		{42D84431-9776-484E-BC04-25174FD42027} = {105A8298-4BFF-473B-90A6-A8B0D755F2A2}
		{56100538-2F6C-4B19-A13E-AF531FF29C81} = {105A8298-4BFF-473B-90A6-A8B0D755F2A2}
	EndGlobalSection
EndGlobal
