
Microsoft Visual Studio Solution File, Format Version 12.00
# Visual Studio 15
VisualStudioVersion = 15.0.26730.16
MinimumVisualStudioVersion = 10.0.40219.1
Project("{FAE04EC0-301F-11D3-BF4B-00C04F79EFBC}") = "ContosoAir.Clients.Core", "src\ContosoAir.Clients\ContosoAir.Clients.Core.csproj", "{23590121-FFD0-4F01-B08E-42CEC68A2A2F}"
EndProject
Project("{FAE04EC0-301F-11D3-BF4B-00C04F79EFBC}") = "ContosoAir.Clients.UWP", "src\ContosoAir.Clients.UWP\ContosoAir.Clients.UWP.csproj", "{B5E9FC6A-29C7-4C2D-91A0-F91ED5DA4B41}"
EndProject
Project("{2150E333-8FDC-42A3-9474-1A3956D46DE8}") = "App", "App", "{34060A56-4CF1-4A2B-B022-5109178D5833}"
EndProject
Global
	GlobalSection(SolutionConfigurationPlatforms) = preSolution
		Ad-Hoc|Any CPU = Ad-Hoc|Any CPU
		Ad-Hoc|ARM = Ad-Hoc|ARM
		Ad-Hoc|iPhone = Ad-Hoc|iPhone
		Ad-Hoc|iPhoneSimulator = Ad-Hoc|iPhoneSimulator
		Ad-Hoc|x64 = Ad-Hoc|x64
		Ad-Hoc|x86 = Ad-Hoc|x86
		AppStore|Any CPU = AppStore|Any CPU
		AppStore|ARM = AppStore|ARM
		AppStore|iPhone = AppStore|iPhone
		AppStore|iPhoneSimulator = AppStore|iPhoneSimulator
		AppStore|x64 = AppStore|x64
		AppStore|x86 = AppStore|x86
		Debug|Any CPU = Debug|Any CPU
		Debug|ARM = Debug|ARM
		Debug|iPhone = Debug|iPhone
		Debug|iPhoneSimulator = Debug|iPhoneSimulator
		Debug|x64 = Debug|x64
		Debug|x86 = Debug|x86
		Release|Any CPU = Release|Any CPU
		Release|ARM = Release|ARM
		Release|iPhone = Release|iPhone
		Release|iPhoneSimulator = Release|iPhoneSimulator
		Release|x64 = Release|x64
		Release|x86 = Release|x86
		UITest|Any CPU = UITest|Any CPU
		UITest|ARM = UITest|ARM
		UITest|iPhone = UITest|iPhone
		UITest|iPhoneSimulator = UITest|iPhoneSimulator
		UITest|x64 = UITest|x64
		UITest|x86 = UITest|x86
	EndGlobalSection
	GlobalSection(ProjectConfigurationPlatforms) = postSolution
		{23590121-FFD0-4F01-B08E-42CEC68A2A2F}.Ad-Hoc|Any CPU.ActiveCfg = Release|Any CPU
		{23590121-FFD0-4F01-B08E-42CEC68A2A2F}.Ad-Hoc|Any CPU.Build.0 = Release|Any CPU
		{23590121-FFD0-4F01-B08E-42CEC68A2A2F}.Ad-Hoc|ARM.ActiveCfg = Release|Any CPU
		{23590121-FFD0-4F01-B08E-42CEC68A2A2F}.Ad-Hoc|ARM.Build.0 = Release|Any CPU
		{23590121-FFD0-4F01-B08E-42CEC68A2A2F}.Ad-Hoc|iPhone.ActiveCfg = Release|Any CPU
		{23590121-FFD0-4F01-B08E-42CEC68A2A2F}.Ad-Hoc|iPhone.Build.0 = Release|Any CPU
		{23590121-FFD0-4F01-B08E-42CEC68A2A2F}.Ad-Hoc|iPhoneSimulator.ActiveCfg = Release|Any CPU
		{23590121-FFD0-4F01-B08E-42CEC68A2A2F}.Ad-Hoc|iPhoneSimulator.Build.0 = Release|Any CPU
		{23590121-FFD0-4F01-B08E-42CEC68A2A2F}.Ad-Hoc|x64.ActiveCfg = Release|Any CPU
		{23590121-FFD0-4F01-B08E-42CEC68A2A2F}.Ad-Hoc|x64.Build.0 = Release|Any CPU
		{23590121-FFD0-4F01-B08E-42CEC68A2A2F}.Ad-Hoc|x86.ActiveCfg = Release|Any CPU
		{23590121-FFD0-4F01-B08E-42CEC68A2A2F}.Ad-Hoc|x86.Build.0 = Release|Any CPU
		{23590121-FFD0-4F01-B08E-42CEC68A2A2F}.AppStore|Any CPU.ActiveCfg = Release|Any CPU
		{23590121-FFD0-4F01-B08E-42CEC68A2A2F}.AppStore|Any CPU.Build.0 = Release|Any CPU
		{23590121-FFD0-4F01-B08E-42CEC68A2A2F}.AppStore|ARM.ActiveCfg = Release|Any CPU
		{23590121-FFD0-4F01-B08E-42CEC68A2A2F}.AppStore|ARM.Build.0 = Release|Any CPU
		{23590121-FFD0-4F01-B08E-42CEC68A2A2F}.AppStore|iPhone.ActiveCfg = Release|Any CPU
		{23590121-FFD0-4F01-B08E-42CEC68A2A2F}.AppStore|iPhone.Build.0 = Release|Any CPU
		{23590121-FFD0-4F01-B08E-42CEC68A2A2F}.AppStore|iPhoneSimulator.ActiveCfg = Release|Any CPU
		{23590121-FFD0-4F01-B08E-42CEC68A2A2F}.AppStore|iPhoneSimulator.Build.0 = Release|Any CPU
		{23590121-FFD0-4F01-B08E-42CEC68A2A2F}.AppStore|x64.ActiveCfg = Release|Any CPU
		{23590121-FFD0-4F01-B08E-42CEC68A2A2F}.AppStore|x64.Build.0 = Release|Any CPU
		{23590121-FFD0-4F01-B08E-42CEC68A2A2F}.AppStore|x86.ActiveCfg = Release|Any CPU
		{23590121-FFD0-4F01-B08E-42CEC68A2A2F}.AppStore|x86.Build.0 = Release|Any CPU
		{23590121-FFD0-4F01-B08E-42CEC68A2A2F}.Debug|Any CPU.ActiveCfg = Debug|Any CPU
		{23590121-FFD0-4F01-B08E-42CEC68A2A2F}.Debug|Any CPU.Build.0 = Debug|Any CPU
		{23590121-FFD0-4F01-B08E-42CEC68A2A2F}.Debug|ARM.ActiveCfg = Debug|Any CPU
		{23590121-FFD0-4F01-B08E-42CEC68A2A2F}.Debug|ARM.Build.0 = Debug|Any CPU
		{23590121-FFD0-4F01-B08E-42CEC68A2A2F}.Debug|iPhone.ActiveCfg = Debug|Any CPU
		{23590121-FFD0-4F01-B08E-42CEC68A2A2F}.Debug|iPhone.Build.0 = Debug|Any CPU
		{23590121-FFD0-4F01-B08E-42CEC68A2A2F}.Debug|iPhoneSimulator.ActiveCfg = Debug|Any CPU
		{23590121-FFD0-4F01-B08E-42CEC68A2A2F}.Debug|iPhoneSimulator.Build.0 = Debug|Any CPU
		{23590121-FFD0-4F01-B08E-42CEC68A2A2F}.Debug|x64.ActiveCfg = Debug|Any CPU
		{23590121-FFD0-4F01-B08E-42CEC68A2A2F}.Debug|x64.Build.0 = Debug|Any CPU
		{23590121-FFD0-4F01-B08E-42CEC68A2A2F}.Debug|x86.ActiveCfg = Debug|Any CPU
		{23590121-FFD0-4F01-B08E-42CEC68A2A2F}.Debug|x86.Build.0 = Debug|Any CPU
		{23590121-FFD0-4F01-B08E-42CEC68A2A2F}.Release|Any CPU.ActiveCfg = Release|Any CPU
		{23590121-FFD0-4F01-B08E-42CEC68A2A2F}.Release|Any CPU.Build.0 = Release|Any CPU
		{23590121-FFD0-4F01-B08E-42CEC68A2A2F}.Release|ARM.ActiveCfg = Release|Any CPU
		{23590121-FFD0-4F01-B08E-42CEC68A2A2F}.Release|ARM.Build.0 = Release|Any CPU
		{23590121-FFD0-4F01-B08E-42CEC68A2A2F}.Release|iPhone.ActiveCfg = Release|Any CPU
		{23590121-FFD0-4F01-B08E-42CEC68A2A2F}.Release|iPhone.Build.0 = Release|Any CPU
		{23590121-FFD0-4F01-B08E-42CEC68A2A2F}.Release|iPhoneSimulator.ActiveCfg = Release|Any CPU
		{23590121-FFD0-4F01-B08E-42CEC68A2A2F}.Release|iPhoneSimulator.Build.0 = Release|Any CPU
		{23590121-FFD0-4F01-B08E-42CEC68A2A2F}.Release|x64.ActiveCfg = Release|Any CPU
		{23590121-FFD0-4F01-B08E-42CEC68A2A2F}.Release|x64.Build.0 = Release|Any CPU
		{23590121-FFD0-4F01-B08E-42CEC68A2A2F}.Release|x86.ActiveCfg = Release|Any CPU
		{23590121-FFD0-4F01-B08E-42CEC68A2A2F}.Release|x86.Build.0 = Release|Any CPU
		{23590121-FFD0-4F01-B08E-42CEC68A2A2F}.UITest|Any CPU.ActiveCfg = UITest|Any CPU
		{23590121-FFD0-4F01-B08E-42CEC68A2A2F}.UITest|Any CPU.Build.0 = UITest|Any CPU
		{23590121-FFD0-4F01-B08E-42CEC68A2A2F}.UITest|ARM.ActiveCfg = UITest|Any CPU
		{23590121-FFD0-4F01-B08E-42CEC68A2A2F}.UITest|ARM.Build.0 = UITest|Any CPU
		{23590121-FFD0-4F01-B08E-42CEC68A2A2F}.UITest|iPhone.ActiveCfg = UITest|Any CPU
		{23590121-FFD0-4F01-B08E-42CEC68A2A2F}.UITest|iPhone.Build.0 = UITest|Any CPU
		{23590121-FFD0-4F01-B08E-42CEC68A2A2F}.UITest|iPhoneSimulator.ActiveCfg = UITest|Any CPU
		{23590121-FFD0-4F01-B08E-42CEC68A2A2F}.UITest|iPhoneSimulator.Build.0 = UITest|Any CPU
		{23590121-FFD0-4F01-B08E-42CEC68A2A2F}.UITest|x64.ActiveCfg = UITest|Any CPU
		{23590121-FFD0-4F01-B08E-42CEC68A2A2F}.UITest|x64.Build.0 = UITest|Any CPU
		{23590121-FFD0-4F01-B08E-42CEC68A2A2F}.UITest|x86.ActiveCfg = UITest|Any CPU
		{23590121-FFD0-4F01-B08E-42CEC68A2A2F}.UITest|x86.Build.0 = UITest|Any CPU
		{B5E9FC6A-29C7-4C2D-91A0-F91ED5DA4B41}.Ad-Hoc|Any CPU.ActiveCfg = Release|x86
		{B5E9FC6A-29C7-4C2D-91A0-F91ED5DA4B41}.Ad-Hoc|Any CPU.Build.0 = Release|x86
		{B5E9FC6A-29C7-4C2D-91A0-F91ED5DA4B41}.Ad-Hoc|Any CPU.Deploy.0 = Release|x86
		{B5E9FC6A-29C7-4C2D-91A0-F91ED5DA4B41}.Ad-Hoc|ARM.ActiveCfg = Release|ARM
		{B5E9FC6A-29C7-4C2D-91A0-F91ED5DA4B41}.Ad-Hoc|ARM.Build.0 = Release|ARM
		{B5E9FC6A-29C7-4C2D-91A0-F91ED5DA4B41}.Ad-Hoc|ARM.Deploy.0 = Release|ARM
		{B5E9FC6A-29C7-4C2D-91A0-F91ED5DA4B41}.Ad-Hoc|iPhone.ActiveCfg = Release|x86
		{B5E9FC6A-29C7-4C2D-91A0-F91ED5DA4B41}.Ad-Hoc|iPhone.Build.0 = Release|x86
		{B5E9FC6A-29C7-4C2D-91A0-F91ED5DA4B41}.Ad-Hoc|iPhone.Deploy.0 = Release|x86
		{B5E9FC6A-29C7-4C2D-91A0-F91ED5DA4B41}.Ad-Hoc|iPhoneSimulator.ActiveCfg = Release|x86
		{B5E9FC6A-29C7-4C2D-91A0-F91ED5DA4B41}.Ad-Hoc|iPhoneSimulator.Build.0 = Release|x86
		{B5E9FC6A-29C7-4C2D-91A0-F91ED5DA4B41}.Ad-Hoc|iPhoneSimulator.Deploy.0 = Release|x86
		{B5E9FC6A-29C7-4C2D-91A0-F91ED5DA4B41}.Ad-Hoc|x64.ActiveCfg = Release|x64
		{B5E9FC6A-29C7-4C2D-91A0-F91ED5DA4B41}.Ad-Hoc|x64.Build.0 = Release|x64
		{B5E9FC6A-29C7-4C2D-91A0-F91ED5DA4B41}.Ad-Hoc|x64.Deploy.0 = Release|x64
		{B5E9FC6A-29C7-4C2D-91A0-F91ED5DA4B41}.Ad-Hoc|x86.ActiveCfg = Release|x86
		{B5E9FC6A-29C7-4C2D-91A0-F91ED5DA4B41}.Ad-Hoc|x86.Build.0 = Release|x86
		{B5E9FC6A-29C7-4C2D-91A0-F91ED5DA4B41}.Ad-Hoc|x86.Deploy.0 = Release|x86
		{B5E9FC6A-29C7-4C2D-91A0-F91ED5DA4B41}.AppStore|Any CPU.ActiveCfg = Release|x86
		{B5E9FC6A-29C7-4C2D-91A0-F91ED5DA4B41}.AppStore|Any CPU.Build.0 = Release|x86
		{B5E9FC6A-29C7-4C2D-91A0-F91ED5DA4B41}.AppStore|Any CPU.Deploy.0 = Release|x86
		{B5E9FC6A-29C7-4C2D-91A0-F91ED5DA4B41}.AppStore|ARM.ActiveCfg = Release|ARM
		{B5E9FC6A-29C7-4C2D-91A0-F91ED5DA4B41}.AppStore|ARM.Build.0 = Release|ARM
		{B5E9FC6A-29C7-4C2D-91A0-F91ED5DA4B41}.AppStore|ARM.Deploy.0 = Release|ARM
		{B5E9FC6A-29C7-4C2D-91A0-F91ED5DA4B41}.AppStore|iPhone.ActiveCfg = Release|x86
		{B5E9FC6A-29C7-4C2D-91A0-F91ED5DA4B41}.AppStore|iPhone.Build.0 = Release|x86
		{B5E9FC6A-29C7-4C2D-91A0-F91ED5DA4B41}.AppStore|iPhone.Deploy.0 = Release|x86
		{B5E9FC6A-29C7-4C2D-91A0-F91ED5DA4B41}.AppStore|iPhoneSimulator.ActiveCfg = Release|x86
		{B5E9FC6A-29C7-4C2D-91A0-F91ED5DA4B41}.AppStore|iPhoneSimulator.Build.0 = Release|x86
		{B5E9FC6A-29C7-4C2D-91A0-F91ED5DA4B41}.AppStore|iPhoneSimulator.Deploy.0 = Release|x86
		{B5E9FC6A-29C7-4C2D-91A0-F91ED5DA4B41}.AppStore|x64.ActiveCfg = Release|x64
		{B5E9FC6A-29C7-4C2D-91A0-F91ED5DA4B41}.AppStore|x64.Build.0 = Release|x64
		{B5E9FC6A-29C7-4C2D-91A0-F91ED5DA4B41}.AppStore|x64.Deploy.0 = Release|x64
		{B5E9FC6A-29C7-4C2D-91A0-F91ED5DA4B41}.AppStore|x86.ActiveCfg = Release|x86
		{B5E9FC6A-29C7-4C2D-91A0-F91ED5DA4B41}.AppStore|x86.Build.0 = Release|x86
		{B5E9FC6A-29C7-4C2D-91A0-F91ED5DA4B41}.AppStore|x86.Deploy.0 = Release|x86
		{B5E9FC6A-29C7-4C2D-91A0-F91ED5DA4B41}.Debug|Any CPU.ActiveCfg = Debug|x86
		{B5E9FC6A-29C7-4C2D-91A0-F91ED5DA4B41}.Debug|Any CPU.Build.0 = Debug|x86
		{B5E9FC6A-29C7-4C2D-91A0-F91ED5DA4B41}.Debug|Any CPU.Deploy.0 = Debug|x86
		{B5E9FC6A-29C7-4C2D-91A0-F91ED5DA4B41}.Debug|ARM.ActiveCfg = Debug|ARM
		{B5E9FC6A-29C7-4C2D-91A0-F91ED5DA4B41}.Debug|ARM.Build.0 = Debug|ARM
		{B5E9FC6A-29C7-4C2D-91A0-F91ED5DA4B41}.Debug|ARM.Deploy.0 = Debug|ARM
		{B5E9FC6A-29C7-4C2D-91A0-F91ED5DA4B41}.Debug|iPhone.ActiveCfg = Debug|x86
		{B5E9FC6A-29C7-4C2D-91A0-F91ED5DA4B41}.Debug|iPhoneSimulator.ActiveCfg = Debug|x86
		{B5E9FC6A-29C7-4C2D-91A0-F91ED5DA4B41}.Debug|iPhoneSimulator.Build.0 = Debug|x86
		{B5E9FC6A-29C7-4C2D-91A0-F91ED5DA4B41}.Debug|iPhoneSimulator.Deploy.0 = Debug|x86
		{B5E9FC6A-29C7-4C2D-91A0-F91ED5DA4B41}.Debug|x64.ActiveCfg = Debug|x64
		{B5E9FC6A-29C7-4C2D-91A0-F91ED5DA4B41}.Debug|x64.Build.0 = Debug|x64
		{B5E9FC6A-29C7-4C2D-91A0-F91ED5DA4B41}.Debug|x64.Deploy.0 = Debug|x64
		{B5E9FC6A-29C7-4C2D-91A0-F91ED5DA4B41}.Debug|x86.ActiveCfg = Debug|x86
		{B5E9FC6A-29C7-4C2D-91A0-F91ED5DA4B41}.Debug|x86.Build.0 = Debug|x86
		{B5E9FC6A-29C7-4C2D-91A0-F91ED5DA4B41}.Debug|x86.Deploy.0 = Debug|x86
		{B5E9FC6A-29C7-4C2D-91A0-F91ED5DA4B41}.Release|Any CPU.ActiveCfg = Release|x86
		{B5E9FC6A-29C7-4C2D-91A0-F91ED5DA4B41}.Release|Any CPU.Build.0 = Release|x86
		{B5E9FC6A-29C7-4C2D-91A0-F91ED5DA4B41}.Release|Any CPU.Deploy.0 = Release|x86
		{B5E9FC6A-29C7-4C2D-91A0-F91ED5DA4B41}.Release|ARM.ActiveCfg = Release|ARM
		{B5E9FC6A-29C7-4C2D-91A0-F91ED5DA4B41}.Release|ARM.Build.0 = Release|ARM
		{B5E9FC6A-29C7-4C2D-91A0-F91ED5DA4B41}.Release|ARM.Deploy.0 = Release|ARM
		{B5E9FC6A-29C7-4C2D-91A0-F91ED5DA4B41}.Release|iPhone.ActiveCfg = Release|x86
		{B5E9FC6A-29C7-4C2D-91A0-F91ED5DA4B41}.Release|iPhoneSimulator.ActiveCfg = Release|x86
		{B5E9FC6A-29C7-4C2D-91A0-F91ED5DA4B41}.Release|x64.ActiveCfg = Release|x64
		{B5E9FC6A-29C7-4C2D-91A0-F91ED5DA4B41}.Release|x64.Build.0 = Release|x64
		{B5E9FC6A-29C7-4C2D-91A0-F91ED5DA4B41}.Release|x64.Deploy.0 = Release|x64
		{B5E9FC6A-29C7-4C2D-91A0-F91ED5DA4B41}.Release|x86.ActiveCfg = Release|x86
		{B5E9FC6A-29C7-4C2D-91A0-F91ED5DA4B41}.Release|x86.Build.0 = Release|x86
		{B5E9FC6A-29C7-4C2D-91A0-F91ED5DA4B41}.Release|x86.Deploy.0 = Release|x86
		{B5E9FC6A-29C7-4C2D-91A0-F91ED5DA4B41}.UITest|Any CPU.ActiveCfg = UITest|x86
		{B5E9FC6A-29C7-4C2D-91A0-F91ED5DA4B41}.UITest|Any CPU.Build.0 = UITest|x86
		{B5E9FC6A-29C7-4C2D-91A0-F91ED5DA4B41}.UITest|Any CPU.Deploy.0 = UITest|x86
		{B5E9FC6A-29C7-4C2D-91A0-F91ED5DA4B41}.UITest|ARM.ActiveCfg = UITest|ARM
		{B5E9FC6A-29C7-4C2D-91A0-F91ED5DA4B41}.UITest|ARM.Build.0 = UITest|ARM
		{B5E9FC6A-29C7-4C2D-91A0-F91ED5DA4B41}.UITest|ARM.Deploy.0 = UITest|ARM
		{B5E9FC6A-29C7-4C2D-91A0-F91ED5DA4B41}.UITest|iPhone.ActiveCfg = UITest|x86
		{B5E9FC6A-29C7-4C2D-91A0-F91ED5DA4B41}.UITest|iPhoneSimulator.ActiveCfg = UITest|x86
		{B5E9FC6A-29C7-4C2D-91A0-F91ED5DA4B41}.UITest|x64.ActiveCfg = UITest|x64
		{B5E9FC6A-29C7-4C2D-91A0-F91ED5DA4B41}.UITest|x64.Build.0 = UITest|x64
		{B5E9FC6A-29C7-4C2D-91A0-F91ED5DA4B41}.UITest|x64.Deploy.0 = UITest|x64
		{B5E9FC6A-29C7-4C2D-91A0-F91ED5DA4B41}.UITest|x86.ActiveCfg = UITest|x86
		{B5E9FC6A-29C7-4C2D-91A0-F91ED5DA4B41}.UITest|x86.Build.0 = UITest|x86
		{B5E9FC6A-29C7-4C2D-91A0-F91ED5DA4B41}.UITest|x86.Deploy.0 = UITest|x86
	EndGlobalSection
	GlobalSection(SolutionProperties) = preSolution
		HideSolutionNode = FALSE
	EndGlobalSection
	GlobalSection(NestedProjects) = preSolution
		{23590121-FFD0-4F01-B08E-42CEC68A2A2F} = {34060A56-4CF1-4A2B-B022-5109178D5833}
		{B5E9FC6A-29C7-4C2D-91A0-F91ED5DA4B41} = {34060A56-4CF1-4A2B-B022-5109178D5833}
	EndGlobalSection
	GlobalSection(ExtensibilityGlobals) = postSolution
		SolutionGuid = {8B3DB905-95FE-492A-B212-8D5F1743E52F}
	EndGlobalSection
EndGlobal
